// !$*UTF8*$!
{
	archiveVersion = 1;
	classes = {
	};
	objectVersion = 51;
	objects = {

/* Begin PBXBuildFile section */
		3204819F4D212D4C8283066A /* Pods_FirebaseLoginTest.framework in Frameworks */ = {isa = PBXBuildFile; fileRef = 7C18F11E5C12CFA06405B48C /* Pods_FirebaseLoginTest.framework */; };
		61B5711C22A543340029AC36 /* AppDelegate.swift in Sources */ = {isa = PBXBuildFile; fileRef = 61B5711B22A543340029AC36 /* AppDelegate.swift */; };
		61B5711E22A543340029AC36 /* ViewController.swift in Sources */ = {isa = PBXBuildFile; fileRef = 61B5711D22A543340029AC36 /* ViewController.swift */; };
		61B5712122A543340029AC36 /* Main.storyboard in Resources */ = {isa = PBXBuildFile; fileRef = 61B5711F22A543340029AC36 /* Main.storyboard */; };
		61B5712322A543350029AC36 /* Assets.xcassets in Resources */ = {isa = PBXBuildFile; fileRef = 61B5712222A543350029AC36 /* Assets.xcassets */; };
		61B5712622A543350029AC36 /* LaunchScreen.storyboard in Resources */ = {isa = PBXBuildFile; fileRef = 61B5712422A543350029AC36 /* LaunchScreen.storyboard */; };
		61B5712E22A5444C0029AC36 /* GoogleService-Info.plist in Resources */ = {isa = PBXBuildFile; fileRef = 61B5712D22A5444C0029AC36 /* GoogleService-Info.plist */; };
		61B5713022A5455F0029AC36 /* ProtectedPageViewController.swift in Sources */ = {isa = PBXBuildFile; fileRef = 61B5712F22A5455F0029AC36 /* ProtectedPageViewController.swift */; };
/* End PBXBuildFile section */

/* Begin PBXFileReference section */
		34BC975E0E70A5C96D0207D1 /* Pods-FirebaseLoginTest.debug.xcconfig */ = {isa = PBXFileReference; includeInIndex = 1; lastKnownFileType = text.xcconfig; name = "Pods-FirebaseLoginTest.debug.xcconfig"; path = "Target Support Files/Pods-FirebaseLoginTest/Pods-FirebaseLoginTest.debug.xcconfig"; sourceTree = "<group>"; };
		517217600303C7AF2E388FD7 /* Pods-FirebaseLoginTest.release.xcconfig */ = {isa = PBXFileReference; includeInIndex = 1; lastKnownFileType = text.xcconfig; name = "Pods-FirebaseLoginTest.release.xcconfig"; path = "Target Support Files/Pods-FirebaseLoginTest/Pods-FirebaseLoginTest.release.xcconfig"; sourceTree = "<group>"; };
		61B5711822A543340029AC36 /* FirebaseLoginTest.app */ = {isa = PBXFileReference; explicitFileType = wrapper.application; includeInIndex = 0; path = FirebaseLoginTest.app; sourceTree = BUILT_PRODUCTS_DIR; };
		61B5711B22A543340029AC36 /* AppDelegate.swift */ = {isa = PBXFileReference; lastKnownFileType = sourcecode.swift; path = AppDelegate.swift; sourceTree = "<group>"; };
		61B5711D22A543340029AC36 /* ViewController.swift */ = {isa = PBXFileReference; lastKnownFileType = sourcecode.swift; path = ViewController.swift; sourceTree = "<group>"; };
		61B5712022A543340029AC36 /* Base */ = {isa = PBXFileReference; lastKnownFileType = file.storyboard; name = Base; path = Base.lproj/Main.storyboard; sourceTree = "<group>"; };
		61B5712222A543350029AC36 /* Assets.xcassets */ = {isa = PBXFileReference; lastKnownFileType = folder.assetcatalog; path = Assets.xcassets; sourceTree = "<group>"; };
		61B5712522A543350029AC36 /* Base */ = {isa = PBXFileReference; lastKnownFileType = file.storyboard; name = Base; path = Base.lproj/LaunchScreen.storyboard; sourceTree = "<group>"; };
		61B5712722A543350029AC36 /* Info.plist */ = {isa = PBXFileReference; lastKnownFileType = text.plist.xml; path = Info.plist; sourceTree = "<group>"; };
		61B5712D22A5444C0029AC36 /* GoogleService-Info.plist */ = {isa = PBXFileReference; fileEncoding = 4; lastKnownFileType = text.plist.xml; path = "GoogleService-Info.plist"; sourceTree = "<group>"; };
		61B5712F22A5455F0029AC36 /* ProtectedPageViewController.swift */ = {isa = PBXFileReference; lastKnownFileType = sourcecode.swift; path = ProtectedPageViewController.swift; sourceTree = "<group>"; };
		7C18F11E5C12CFA06405B48C /* Pods_FirebaseLoginTest.framework */ = {isa = PBXFileReference; explicitFileType = wrapper.framework; includeInIndex = 0; path = Pods_FirebaseLoginTest.framework; sourceTree = BUILT_PRODUCTS_DIR; };
/* End PBXFileReference section */

/* Begin PBXFrameworksBuildPhase section */
		61B5711522A543340029AC36 /* Frameworks */ = {
			isa = PBXFrameworksBuildPhase;
			buildActionMask = 2147483647;
			files = (
				3204819F4D212D4C8283066A /* Pods_FirebaseLoginTest.framework in Frameworks */,
			);
			runOnlyForDeploymentPostprocessing = 0;
		};
/* End PBXFrameworksBuildPhase section */

/* Begin PBXGroup section */
		61B5710F22A543340029AC36 = {
			isa = PBXGroup;
			children = (
				61B5711A22A543340029AC36 /* FirebaseLoginTest */,
				61B5711922A543340029AC36 /* Products */,
				8C1A7A9C1B511E5E4B6FC40E /* Pods */,
				94C5D39BB4F854995A969BEF /* Frameworks */,
			);
			sourceTree = "<group>";
		};
		61B5711922A543340029AC36 /* Products */ = {
			isa = PBXGroup;
			children = (
				61B5711822A543340029AC36 /* FirebaseLoginTest.app */,
			);
			name = Products;
			sourceTree = "<group>";
		};
		61B5711A22A543340029AC36 /* FirebaseLoginTest */ = {
			isa = PBXGroup;
			children = (
				61B5711B22A543340029AC36 /* AppDelegate.swift */,
				61B5712F22A5455F0029AC36 /* ProtectedPageViewController.swift */,
				61B5712D22A5444C0029AC36 /* GoogleService-Info.plist */,
				61B5711D22A543340029AC36 /* ViewController.swift */,
				61B5711F22A543340029AC36 /* Main.storyboard */,
				61B5712222A543350029AC36 /* Assets.xcassets */,
				61B5712422A543350029AC36 /* LaunchScreen.storyboard */,
				61B5712722A543350029AC36 /* Info.plist */,
			);
			path = FirebaseLoginTest;
			sourceTree = "<group>";
		};
		8C1A7A9C1B511E5E4B6FC40E /* Pods */ = {
			isa = PBXGroup;
			children = (
				34BC975E0E70A5C96D0207D1 /* Pods-FirebaseLoginTest.debug.xcconfig */,
				517217600303C7AF2E388FD7 /* Pods-FirebaseLoginTest.release.xcconfig */,
			);
			path = Pods;
			sourceTree = "<group>";
		};
		94C5D39BB4F854995A969BEF /* Frameworks */ = {
			isa = PBXGroup;
			children = (
				7C18F11E5C12CFA06405B48C /* Pods_FirebaseLoginTest.framework */,
			);
			name = Frameworks;
			sourceTree = "<group>";
		};
/* End PBXGroup section */

/* Begin PBXNativeTarget section */
		61B5711722A543340029AC36 /* FirebaseLoginTest */ = {
			isa = PBXNativeTarget;
			buildConfigurationList = 61B5712A22A543350029AC36 /* Build configuration list for PBXNativeTarget "FirebaseLoginTest" */;
			buildPhases = (
				E2EABF16D307C684234C0B63 /* [CP] Check Pods Manifest.lock */,
				61B5711422A543340029AC36 /* Sources */,
				61B5711522A543340029AC36 /* Frameworks */,
				61B5711622A543340029AC36 /* Resources */,
				35A1B1EC54A631E3F1F22DF8 /* [CP] Embed Pods Frameworks */,
				1151B3AAB32A5A3E2F03ABC5 /* [CP] Copy Pods Resources */,
			);
			buildRules = (
			);
			dependencies = (
			);
			name = FirebaseLoginTest;
			productName = FirebaseLoginTest;
			productReference = 61B5711822A543340029AC36 /* FirebaseLoginTest.app */;
			productType = "com.apple.product-type.application";
		};
/* End PBXNativeTarget section */

/* Begin PBXProject section */
		61B5711022A543340029AC36 /* Project object */ = {
			isa = PBXProject;
			attributes = {
				LastSwiftUpdateCheck = 1020;
				LastUpgradeCheck = 1020;
				ORGANIZATIONNAME = pino;
				TargetAttributes = {
					61B5711722A543340029AC36 = {
						CreatedOnToolsVersion = 10.2.1;
					};
				};
			};
			buildConfigurationList = 61B5711322A543340029AC36 /* Build configuration list for PBXProject "FirebaseLoginTest" */;
			compatibilityVersion = "Xcode 9.3";
			developmentRegion = en;
			hasScannedForEncodings = 0;
			knownRegions = (
				en,
				Base,
			);
			mainGroup = 61B5710F22A543340029AC36;
			productRefGroup = 61B5711922A543340029AC36 /* Products */;
			projectDirPath = "";
			projectRoot = "";
			targets = (
				61B5711722A543340029AC36 /* FirebaseLoginTest */,
			);
		};
/* End PBXProject section */

/* Begin PBXResourcesBuildPhase section */
		61B5711622A543340029AC36 /* Resources */ = {
			isa = PBXResourcesBuildPhase;
			buildActionMask = 2147483647;
			files = (
				61B5712622A543350029AC36 /* LaunchScreen.storyboard in Resources */,
				61B5712E22A5444C0029AC36 /* GoogleService-Info.plist in Resources */,
				61B5712322A543350029AC36 /* Assets.xcassets in Resources */,
				61B5712122A543340029AC36 /* Main.storyboard in Resources */,
			);
			runOnlyForDeploymentPostprocessing = 0;
		};
/* End PBXResourcesBuildPhase section */

/* Begin PBXShellScriptBuildPhase section */
		1151B3AAB32A5A3E2F03ABC5 /* [CP] Copy Pods Resources */ = {
			isa = PBXShellScriptBuildPhase;
			buildActionMask = 2147483647;
			files = (
			);
			inputFileListPaths = (
				"${PODS_ROOT}/Target Support Files/Pods-FirebaseLoginTest/Pods-FirebaseLoginTest-resources-${CONFIGURATION}-input-files.xcfilelist",
			);
			name = "[CP] Copy Pods Resources";
			outputFileListPaths = (
				"${PODS_ROOT}/Target Support Files/Pods-FirebaseLoginTest/Pods-FirebaseLoginTest-resources-${CONFIGURATION}-output-files.xcfilelist",
			);
			runOnlyForDeploymentPostprocessing = 0;
			shellPath = /bin/sh;
			shellScript = "\"${PODS_ROOT}/Target Support Files/Pods-FirebaseLoginTest/Pods-FirebaseLoginTest-resources.sh\"\n";
			showEnvVarsInLog = 0;
		};
		35A1B1EC54A631E3F1F22DF8 /* [CP] Embed Pods Frameworks */ = {
			isa = PBXShellScriptBuildPhase;
			buildActionMask = 2147483647;
			files = (
			);
			inputFileListPaths = (
				"${PODS_ROOT}/Target Support Files/Pods-FirebaseLoginTest/Pods-FirebaseLoginTest-frameworks-${CONFIGURATION}-input-files.xcfilelist",
			);
			name = "[CP] Embed Pods Frameworks";
			outputFileListPaths = (
				"${PODS_ROOT}/Target Support Files/Pods-FirebaseLoginTest/Pods-FirebaseLoginTest-frameworks-${CONFIGURATION}-output-files.xcfilelist",
			);
			runOnlyForDeploymentPostprocessing = 0;
			shellPath = /bin/sh;
			shellScript = "\"${PODS_ROOT}/Target Support Files/Pods-FirebaseLoginTest/Pods-FirebaseLoginTest-frameworks.sh\"\n";
			showEnvVarsInLog = 0;
		};
		E2EABF16D307C684234C0B63 /* [CP] Check Pods Manifest.lock */ = {
			isa = PBXShellScriptBuildPhase;
			buildActionMask = 2147483647;
			files = (
			);
			inputFileListPaths = (
			);
			inputPaths = (
				"${PODS_PODFILE_DIR_PATH}/Podfile.lock",
				"${PODS_ROOT}/Manifest.lock",
			);
			name = "[CP] Check Pods Manifest.lock";
			outputFileListPaths = (
			);
			outputPaths = (
				"$(DERIVED_FILE_DIR)/Pods-FirebaseLoginTest-checkManifestLockResult.txt",
			);
			runOnlyForDeploymentPostprocessing = 0;
			shellPath = /bin/sh;
			shellScript = "diff \"${PODS_PODFILE_DIR_PATH}/Podfile.lock\" \"${PODS_ROOT}/Manifest.lock\" > /dev/null\nif [ $? != 0 ] ; then\n    # print error to STDERR\n    echo \"error: The sandbox is not in sync with the Podfile.lock. Run 'pod install' or update your CocoaPods installation.\" >&2\n    exit 1\nfi\n# This output is used by Xcode 'outputs' to avoid re-running this script phase.\necho \"SUCCESS\" > \"${SCRIPT_OUTPUT_FILE_0}\"\n";
			showEnvVarsInLog = 0;
		};
/* End PBXShellScriptBuildPhase section */

/* Begin PBXSourcesBuildPhase section */
		61B5711422A543340029AC36 /* Sources */ = {
			isa = PBXSourcesBuildPhase;
			buildActionMask = 2147483647;
			files = (
				61B5711E22A543340029AC36 /* ViewController.swift in Sources */,
				61B5713022A5455F0029AC36 /* ProtectedPageViewController.swift in Sources */,
				61B5711C22A543340029AC36 /* AppDelegate.swift in Sources */,
			);
			runOnlyForDeploymentPostprocessing = 0;
		};
/* End PBXSourcesBuildPhase section */

/* Begin PBXVariantGroup section */
		61B5711F22A543340029AC36 /* Main.storyboard */ = {
			isa = PBXVariantGroup;
			children = (
				61B5712022A543340029AC36 /* Base */,
			);
			name = Main.storyboard;
			sourceTree = "<group>";
		};
		61B5712422A543350029AC36 /* LaunchScreen.storyboard */ = {
			isa = PBXVariantGroup;
			children = (
				61B5712522A543350029AC36 /* Base */,
			);
			name = LaunchScreen.storyboard;
			sourceTree = "<group>";
		};
/* End PBXVariantGroup section */

/* Begin XCBuildConfiguration section */
		61B5712822A543350029AC36 /* Debug */ = {
			isa = XCBuildConfiguration;
			buildSettings = {
				ALWAYS_SEARCH_USER_PATHS = NO;
				CLANG_ANALYZER_NONNULL = YES;
				CLANG_ANALYZER_NUMBER_OBJECT_CONVERSION = YES_AGGRESSIVE;
				CLANG_CXX_LANGUAGE_STANDARD = "gnu++14";
				CLANG_CXX_LIBRARY = "libc++";
				CLANG_ENABLE_MODULES = YES;
				CLANG_ENABLE_OBJC_ARC = YES;
				CLANG_ENABLE_OBJC_WEAK = YES;
				CLANG_WARN_BLOCK_CAPTURE_AUTORELEASING = YES;
				CLANG_WARN_BOOL_CONVERSION = YES;
				CLANG_WARN_COMMA = YES;
				CLANG_WARN_CONSTANT_CONVERSION = YES;
				CLANG_WARN_DEPRECATED_OBJC_IMPLEMENTATIONS = YES;
				CLANG_WARN_DIRECT_OBJC_ISA_USAGE = YES_ERROR;
				CLANG_WARN_DOCUMENTATION_COMMENTS = YES;
				CLANG_WARN_EMPTY_BODY = YES;
				CLANG_WARN_ENUM_CONVERSION = YES;
				CLANG_WARN_INFINITE_RECURSION = YES;
				CLANG_WARN_INT_CONVERSION = YES;
				CLANG_WARN_NON_LITERAL_NULL_CONVERSION = YES;
				CLANG_WARN_OBJC_IMPLICIT_RETAIN_SELF = YES;
				CLANG_WARN_OBJC_LITERAL_CONVERSION = YES;
				CLANG_WARN_OBJC_ROOT_CLASS = YES_ERROR;
				CLANG_WARN_RANGE_LOOP_ANALYSIS = YES;
				CLANG_WARN_STRICT_PROTOTYPES = YES;
				CLANG_WARN_SUSPICIOUS_MOVE = YES;
				CLANG_WARN_UNGUARDED_AVAILABILITY = YES_AGGRESSIVE;
				CLANG_WARN_UNREACHABLE_CODE = YES;
				CLANG_WARN__DUPLICATE_METHOD_MATCH = YES;
				CODE_SIGN_IDENTITY = "iPhone Developer";
				COPY_PHASE_STRIP = NO;
				DEBUG_INFORMATION_FORMAT = dwarf;
				ENABLE_STRICT_OBJC_MSGSEND = YES;
				ENABLE_TESTABILITY = YES;
				GCC_C_LANGUAGE_STANDARD = gnu11;
				GCC_DYNAMIC_NO_PIC = NO;
				GCC_NO_COMMON_BLOCKS = YES;
				GCC_OPTIMIZATION_LEVEL = 0;
				GCC_PREPROCESSOR_DEFINITIONS = (
					"DEBUG=1",
					"$(inherited)",
				);
				GCC_WARN_64_TO_32_BIT_CONVERSION = YES;
				GCC_WARN_ABOUT_RETURN_TYPE = YES_ERROR;
				GCC_WARN_UNDECLARED_SELECTOR = YES;
				GCC_WARN_UNINITIALIZED_AUTOS = YES_AGGRESSIVE;
				GCC_WARN_UNUSED_FUNCTION = YES;
				GCC_WARN_UNUSED_VARIABLE = YES;
				IPHONEOS_DEPLOYMENT_TARGET = 12.2;
				MTL_ENABLE_DEBUG_INFO = INCLUDE_SOURCE;
				MTL_FAST_MATH = YES;
				ONLY_ACTIVE_ARCH = YES;
				SDKROOT = iphoneos;
				SWIFT_ACTIVE_COMPILATION_CONDITIONS = DEBUG;
				SWIFT_OPTIMIZATION_LEVEL = "-Onone";
			};
			name = Debug;
		};
		61B5712922A543350029AC36 /* Release */ = {
			isa = XCBuildConfiguration;
			buildSettings = {
				ALWAYS_SEARCH_USER_PATHS = NO;
				CLANG_ANALYZER_NONNULL = YES;
				CLANG_ANALYZER_NUMBER_OBJECT_CONVERSION = YES_AGGRESSIVE;
				CLANG_CXX_LANGUAGE_STANDARD = "gnu++14";
				CLANG_CXX_LIBRARY = "libc++";
				CLANG_ENABLE_MODULES = YES;
				CLANG_ENABLE_OBJC_ARC = YES;
				CLANG_ENABLE_OBJC_WEAK = YES;
				CLANG_WARN_BLOCK_CAPTURE_AUTORELEASING = YES;
				CLANG_WARN_BOOL_CONVERSION = YES;
				CLANG_WARN_COMMA = YES;
				CLANG_WARN_CONSTANT_CONVERSION = YES;
				CLANG_WARN_DEPRECATED_OBJC_IMPLEMENTATIONS = YES;
				CLANG_WARN_DIRECT_OBJC_ISA_USAGE = YES_ERROR;
				CLANG_WARN_DOCUMENTATION_COMMENTS = YES;
				CLANG_WARN_EMPTY_BODY = YES;
				CLANG_WARN_ENUM_CONVERSION = YES;
				CLANG_WARN_INFINITE_RECURSION = YES;
				CLANG_WARN_INT_CONVERSION = YES;
				CLANG_WARN_NON_LITERAL_NULL_CONVERSION = YES;
				CLANG_WARN_OBJC_IMPLICIT_RETAIN_SELF = YES;
				CLANG_WARN_OBJC_LITERAL_CONVERSION = YES;
				CLANG_WARN_OBJC_ROOT_CLASS = YES_ERROR;
				CLANG_WARN_RANGE_LOOP_ANALYSIS = YES;
				CLANG_WARN_STRICT_PROTOTYPES = YES;
				CLANG_WARN_SUSPICIOUS_MOVE = YES;
				CLANG_WARN_UNGUARDED_AVAILABILITY = YES_AGGRESSIVE;
				CLANG_WARN_UNREACHABLE_CODE = YES;
				CLANG_WARN__DUPLICATE_METHOD_MATCH = YES;
				CODE_SIGN_IDENTITY = "iPhone Developer";
				COPY_PHASE_STRIP = NO;
				DEBUG_INFORMATION_FORMAT = "dwarf-with-dsym";
				ENABLE_NS_ASSERTIONS = NO;
				ENABLE_STRICT_OBJC_MSGSEND = YES;
				GCC_C_LANGUAGE_STANDARD = gnu11;
				GCC_NO_COMMON_BLOCKS = YES;
				GCC_WARN_64_TO_32_BIT_CONVERSION = YES;
				GCC_WARN_ABOUT_RETURN_TYPE = YES_ERROR;
				GCC_WARN_UNDECLARED_SELECTOR = YES;
				GCC_WARN_UNINITIALIZED_AUTOS = YES_AGGRESSIVE;
				GCC_WARN_UNUSED_FUNCTION = YES;
				GCC_WARN_UNUSED_VARIABLE = YES;
				IPHONEOS_DEPLOYMENT_TARGET = 12.2;
				MTL_ENABLE_DEBUG_INFO = NO;
				MTL_FAST_MATH = YES;
				SDKROOT = iphoneos;
				SWIFT_COMPILATION_MODE = wholemodule;
				SWIFT_OPTIMIZATION_LEVEL = "-O";
				VALIDATE_PRODUCT = YES;
			};
			name = Release;
		};
		61B5712B22A543350029AC36 /* Debug */ = {
			isa = XCBuildConfiguration;
			baseConfigurationReference = 34BC975E0E70A5C96D0207D1 /* Pods-FirebaseLoginTest.debug.xcconfig */;
			buildSettings = {
				ASSETCATALOG_COMPILER_APPICON_NAME = AppIcon;
				CODE_SIGN_STYLE = Automatic;
				DEVELOPMENT_TEAM = 7F7W8C3A76;
				INFOPLIST_FILE = FirebaseLoginTest/Info.plist;
				LD_RUNPATH_SEARCH_PATHS = (
					"$(inherited)",
					"@executable_path/Frameworks",
				);
				PRODUCT_BUNDLE_IDENTIFIER = io.github.92pino;
				PRODUCT_NAME = "$(TARGET_NAME)";
				SWIFT_VERSION = 5.0;
				TARGETED_DEVICE_FAMILY = "1,2";
			};
			name = Debug;
		};
		61B5712C22A543350029AC36 /* Release */ = {
			isa = XCBuildConfiguration;
			baseConfigurationReference = 517217600303C7AF2E388FD7 /* Pods-FirebaseLoginTest.release.xcconfig */;
			buildSettings = {
				ASSETCATALOG_COMPILER_APPICON_NAME = AppIcon;
				CODE_SIGN_STYLE = Automatic;
				DEVELOPMENT_TEAM = 7F7W8C3A76;
				INFOPLIST_FILE = FirebaseLoginTest/Info.plist;
				LD_RUNPATH_SEARCH_PATHS = (
					"$(inherited)",
					"@executable_path/Frameworks",
				);
				PRODUCT_BUNDLE_IDENTIFIER = io.github.92pino;
				PRODUCT_NAME = "$(TARGET_NAME)";
				SWIFT_VERSION = 5.0;
				TARGETED_DEVICE_FAMILY = "1,2";
			};
			name = Release;
		};
/* End XCBuildConfiguration section */

/* Begin XCConfigurationList section */
		61B5711322A543340029AC36 /* Build configuration list for PBXProject "FirebaseLoginTest" */ = {
			isa = XCConfigurationList;
			buildConfigurations = (
				61B5712822A543350029AC36 /* Debug */,
				61B5712922A543350029AC36 /* Release */,
			);
			defaultConfigurationIsVisible = 0;
			defaultConfigurationName = Release;
		};
		61B5712A22A543350029AC36 /* Build configuration list for PBXNativeTarget "FirebaseLoginTest" */ = {
			isa = XCConfigurationList;
			buildConfigurations = (
				61B5712B22A543350029AC36 /* Debug */,
				61B5712C22A543350029AC36 /* Release */,
			);
			defaultConfigurationIsVisible = 0;
			defaultConfigurationName = Release;
		};
/* End XCConfigurationList section */
	};
	rootObject = 61B5711022A543340029AC36 /* Project object */;
}
