// !$*UTF8*$!
{
	archiveVersion = 1;
	classes = {
	};
	objectVersion = 50;
	objects = {

/* Begin PBXBuildFile section */
		61203C7E22CB32DD00C6D56E /* AppDelegate.swift in Sources */ = {isa = PBXBuildFile; fileRef = 61203C7D22CB32DC00C6D56E /* AppDelegate.swift */; };
		61203C8022CB32DD00C6D56E /* MasterViewController.swift in Sources */ = {isa = PBXBuildFile; fileRef = 61203C7F22CB32DD00C6D56E /* MasterViewController.swift */; };
		61203C8322CB32DD00C6D56E /* Main.storyboard in Resources */ = {isa = PBXBuildFile; fileRef = 61203C8122CB32DD00C6D56E /* Main.storyboard */; };
		61203C8522CB32E000C6D56E /* Assets.xcassets in Resources */ = {isa = PBXBuildFile; fileRef = 61203C8422CB32E000C6D56E /* Assets.xcassets */; };
		61203C8822CB32E000C6D56E /* LaunchScreen.storyboard in Resources */ = {isa = PBXBuildFile; fileRef = 61203C8622CB32E000C6D56E /* LaunchScreen.storyboard */; };
		61203CAE22CB38C800C6D56E /* AlamofireUtils.swift in Sources */ = {isa = PBXBuildFile; fileRef = 61203CAD22CB38C800C6D56E /* AlamofireUtils.swift */; };
		61203CB022CB436900C6D56E /* DetailViewController.swift in Sources */ = {isa = PBXBuildFile; fileRef = 61203CAF22CB436900C6D56E /* DetailViewController.swift */; };
/* End PBXBuildFile section */

/* Begin PBXContainerItemProxy section */
		61203C9A22CB383100C6D56E /* PBXContainerItemProxy */ = {
			isa = PBXContainerItemProxy;
			containerPortal = 61203C8F22CB383100C6D56E /* Alamofire.xcodeproj */;
			proxyType = 2;
			remoteGlobalIDString = F8111E3319A95C8B0040E7D1;
			remoteInfo = "Alamofire iOS";
		};
		61203C9C22CB383100C6D56E /* PBXContainerItemProxy */ = {
			isa = PBXContainerItemProxy;
			containerPortal = 61203C8F22CB383100C6D56E /* Alamofire.xcodeproj */;
			proxyType = 2;
			remoteGlobalIDString = F8111E3E19A95C8B0040E7D1;
			remoteInfo = "Alamofire iOS Tests";
		};
		61203C9E22CB383100C6D56E /* PBXContainerItemProxy */ = {
			isa = PBXContainerItemProxy;
			containerPortal = 61203C8F22CB383100C6D56E /* Alamofire.xcodeproj */;
			proxyType = 2;
			remoteGlobalIDString = 4DD67C0B1A5C55C900ED2280;
			remoteInfo = "Alamofire macOS";
		};
		61203CA022CB383100C6D56E /* PBXContainerItemProxy */ = {
			isa = PBXContainerItemProxy;
			containerPortal = 61203C8F22CB383100C6D56E /* Alamofire.xcodeproj */;
			proxyType = 2;
			remoteGlobalIDString = F829C6B21A7A94F100A2CD59;
			remoteInfo = "Alamofire macOS Tests";
		};
		61203CA222CB383100C6D56E /* PBXContainerItemProxy */ = {
			isa = PBXContainerItemProxy;
			containerPortal = 61203C8F22CB383100C6D56E /* Alamofire.xcodeproj */;
			proxyType = 2;
			remoteGlobalIDString = 4CF626EF1BA7CB3E0011A099;
			remoteInfo = "Alamofire tvOS";
		};
		61203CA422CB383100C6D56E /* PBXContainerItemProxy */ = {
			isa = PBXContainerItemProxy;
			containerPortal = 61203C8F22CB383100C6D56E /* Alamofire.xcodeproj */;
			proxyType = 2;
			remoteGlobalIDString = 4CF626F81BA7CB3E0011A099;
			remoteInfo = "Alamofire tvOS Tests";
		};
		61203CA622CB383100C6D56E /* PBXContainerItemProxy */ = {
			isa = PBXContainerItemProxy;
			containerPortal = 61203C8F22CB383100C6D56E /* Alamofire.xcodeproj */;
			proxyType = 2;
			remoteGlobalIDString = E4202FE01B667AA100C997FB;
			remoteInfo = "Alamofire watchOS";
		};
		61203CA822CB385E00C6D56E /* PBXContainerItemProxy */ = {
			isa = PBXContainerItemProxy;
			containerPortal = 61203C8F22CB383100C6D56E /* Alamofire.xcodeproj */;
			proxyType = 1;
			remoteGlobalIDString = F8111E3219A95C8B0040E7D1;
			remoteInfo = "Alamofire iOS";
		};
		61203CAA22CB385E00C6D56E /* PBXContainerItemProxy */ = {
			isa = PBXContainerItemProxy;
			containerPortal = 61203C8F22CB383100C6D56E /* Alamofire.xcodeproj */;
			proxyType = 1;
			remoteGlobalIDString = 4DD67C0A1A5C55C900ED2280;
			remoteInfo = "Alamofire macOS";
		};
/* End PBXContainerItemProxy section */

/* Begin PBXFileReference section */
		61203C7A22CB32DC00C6D56E /* AppStoreApiPractice.app */ = {isa = PBXFileReference; explicitFileType = wrapper.application; includeInIndex = 0; path = AppStoreApiPractice.app; sourceTree = BUILT_PRODUCTS_DIR; };
		61203C7D22CB32DC00C6D56E /* AppDelegate.swift */ = {isa = PBXFileReference; lastKnownFileType = sourcecode.swift; path = AppDelegate.swift; sourceTree = "<group>"; };
		61203C7F22CB32DD00C6D56E /* MasterViewController.swift */ = {isa = PBXFileReference; lastKnownFileType = sourcecode.swift; path = MasterViewController.swift; sourceTree = "<group>"; };
		61203C8222CB32DD00C6D56E /* Base */ = {isa = PBXFileReference; lastKnownFileType = file.storyboard; name = Base; path = Base.lproj/Main.storyboard; sourceTree = "<group>"; };
		61203C8422CB32E000C6D56E /* Assets.xcassets */ = {isa = PBXFileReference; lastKnownFileType = folder.assetcatalog; path = Assets.xcassets; sourceTree = "<group>"; };
		61203C8722CB32E000C6D56E /* Base */ = {isa = PBXFileReference; lastKnownFileType = file.storyboard; name = Base; path = Base.lproj/LaunchScreen.storyboard; sourceTree = "<group>"; };
		61203C8922CB32E000C6D56E /* Info.plist */ = {isa = PBXFileReference; lastKnownFileType = text.plist.xml; path = Info.plist; sourceTree = "<group>"; };
		61203C8F22CB383100C6D56E /* Alamofire.xcodeproj */ = {isa = PBXFileReference; lastKnownFileType = "wrapper.pb-project"; name = Alamofire.xcodeproj; path = Alamofire/Alamofire.xcodeproj; sourceTree = "<group>"; };
		61203CAD22CB38C800C6D56E /* AlamofireUtils.swift */ = {isa = PBXFileReference; lastKnownFileType = sourcecode.swift; path = AlamofireUtils.swift; sourceTree = "<group>"; };
		61203CAF22CB436900C6D56E /* DetailViewController.swift */ = {isa = PBXFileReference; lastKnownFileType = sourcecode.swift; path = DetailViewController.swift; sourceTree = "<group>"; };
/* End PBXFileReference section */

/* Begin PBXFrameworksBuildPhase section */
		61203C7722CB32DC00C6D56E /* Frameworks */ = {
			isa = PBXFrameworksBuildPhase;
			buildActionMask = 2147483647;
			files = (
			);
			runOnlyForDeploymentPostprocessing = 0;
		};
/* End PBXFrameworksBuildPhase section */

/* Begin PBXGroup section */
		61203C7122CB32DC00C6D56E = {
			isa = PBXGroup;
			children = (
				61203C7C22CB32DC00C6D56E /* AppStoreApiPractice */,
				61203C7B22CB32DC00C6D56E /* Products */,
				61203C8F22CB383100C6D56E /* Alamofire.xcodeproj */,
			);
			sourceTree = "<group>";
		};
		61203C7B22CB32DC00C6D56E /* Products */ = {
			isa = PBXGroup;
			children = (
				61203C7A22CB32DC00C6D56E /* AppStoreApiPractice.app */,
			);
			name = Products;
			sourceTree = "<group>";
		};
		61203C7C22CB32DC00C6D56E /* AppStoreApiPractice */ = {
			isa = PBXGroup;
			children = (
				61203CAC22CB38B200C6D56E /* Utils */,
				61203C7D22CB32DC00C6D56E /* AppDelegate.swift */,
				61203C7F22CB32DD00C6D56E /* MasterViewController.swift */,
				61203C8122CB32DD00C6D56E /* Main.storyboard */,
				61203C8422CB32E000C6D56E /* Assets.xcassets */,
				61203C8622CB32E000C6D56E /* LaunchScreen.storyboard */,
				61203C8922CB32E000C6D56E /* Info.plist */,
				61203CAF22CB436900C6D56E /* DetailViewController.swift */,
			);
			path = AppStoreApiPractice;
			sourceTree = "<group>";
		};
		61203C9022CB383100C6D56E /* Products */ = {
			isa = PBXGroup;
			children = (
				61203C9B22CB383100C6D56E /* Alamofire.framework */,
				61203C9D22CB383100C6D56E /* Alamofire iOS Tests.xctest */,
				61203C9F22CB383100C6D56E /* Alamofire.framework */,
				61203CA122CB383100C6D56E /* Alamofire macOS Tests.xctest */,
				61203CA322CB383100C6D56E /* Alamofire.framework */,
				61203CA522CB383100C6D56E /* Alamofire tvOS Tests.xctest */,
				61203CA722CB383100C6D56E /* Alamofire.framework */,
			);
			name = Products;
			sourceTree = "<group>";
		};
		61203CAC22CB38B200C6D56E /* Utils */ = {
			isa = PBXGroup;
			children = (
				61203CAD22CB38C800C6D56E /* AlamofireUtils.swift */,
			);
			path = Utils;
			sourceTree = "<group>";
		};
/* End PBXGroup section */

/* Begin PBXNativeTarget section */
		61203C7922CB32DC00C6D56E /* AppStoreApiPractice */ = {
			isa = PBXNativeTarget;
			buildConfigurationList = 61203C8C22CB32E000C6D56E /* Build configuration list for PBXNativeTarget "AppStoreApiPractice" */;
			buildPhases = (
				61203C7622CB32DC00C6D56E /* Sources */,
				61203C7722CB32DC00C6D56E /* Frameworks */,
				61203C7822CB32DC00C6D56E /* Resources */,
			);
			buildRules = (
			);
			dependencies = (
				61203CA922CB385E00C6D56E /* PBXTargetDependency */,
				61203CAB22CB385E00C6D56E /* PBXTargetDependency */,
			);
			name = AppStoreApiPractice;
			productName = AppStoreApiPractice;
			productReference = 61203C7A22CB32DC00C6D56E /* AppStoreApiPractice.app */;
			productType = "com.apple.product-type.application";
		};
/* End PBXNativeTarget section */

/* Begin PBXProject section */
		61203C7222CB32DC00C6D56E /* Project object */ = {
			isa = PBXProject;
			attributes = {
				LastSwiftUpdateCheck = 1020;
				LastUpgradeCheck = 1020;
				ORGANIZATIONNAME = pino;
				TargetAttributes = {
					61203C7922CB32DC00C6D56E = {
						CreatedOnToolsVersion = 10.2.1;
					};
				};
			};
			buildConfigurationList = 61203C7522CB32DC00C6D56E /* Build configuration list for PBXProject "AppStoreApiPractice" */;
			compatibilityVersion = "Xcode 9.3";
			developmentRegion = en;
			hasScannedForEncodings = 0;
			knownRegions = (
				en,
				Base,
			);
			mainGroup = 61203C7122CB32DC00C6D56E;
			productRefGroup = 61203C7B22CB32DC00C6D56E /* Products */;
			projectDirPath = "";
			projectReferences = (
				{
					ProductGroup = 61203C9022CB383100C6D56E /* Products */;
					ProjectRef = 61203C8F22CB383100C6D56E /* Alamofire.xcodeproj */;
				},
			);
			projectRoot = "";
			targets = (
				61203C7922CB32DC00C6D56E /* AppStoreApiPractice */,
			);
		};
/* End PBXProject section */

/* Begin PBXReferenceProxy section */
		61203C9B22CB383100C6D56E /* Alamofire.framework */ = {
			isa = PBXReferenceProxy;
			fileType = wrapper.framework;
			path = Alamofire.framework;
			remoteRef = 61203C9A22CB383100C6D56E /* PBXContainerItemProxy */;
			sourceTree = BUILT_PRODUCTS_DIR;
		};
		61203C9D22CB383100C6D56E /* Alamofire iOS Tests.xctest */ = {
			isa = PBXReferenceProxy;
			fileType = wrapper.cfbundle;
			path = "Alamofire iOS Tests.xctest";
			remoteRef = 61203C9C22CB383100C6D56E /* PBXContainerItemProxy */;
			sourceTree = BUILT_PRODUCTS_DIR;
		};
		61203C9F22CB383100C6D56E /* Alamofire.framework */ = {
			isa = PBXReferenceProxy;
			fileType = wrapper.framework;
			path = Alamofire.framework;
			remoteRef = 61203C9E22CB383100C6D56E /* PBXContainerItemProxy */;
			sourceTree = BUILT_PRODUCTS_DIR;
		};
		61203CA122CB383100C6D56E /* Alamofire macOS Tests.xctest */ = {
			isa = PBXReferenceProxy;
			fileType = wrapper.cfbundle;
			path = "Alamofire macOS Tests.xctest";
			remoteRef = 61203CA022CB383100C6D56E /* PBXContainerItemProxy */;
			sourceTree = BUILT_PRODUCTS_DIR;
		};
		61203CA322CB383100C6D56E /* Alamofire.framework */ = {
			isa = PBXReferenceProxy;
			fileType = wrapper.framework;
			path = Alamofire.framework;
			remoteRef = 61203CA222CB383100C6D56E /* PBXContainerItemProxy */;
			sourceTree = BUILT_PRODUCTS_DIR;
		};
		61203CA522CB383100C6D56E /* Alamofire tvOS Tests.xctest */ = {
			isa = PBXReferenceProxy;
			fileType = wrapper.cfbundle;
			path = "Alamofire tvOS Tests.xctest";
			remoteRef = 61203CA422CB383100C6D56E /* PBXContainerItemProxy */;
			sourceTree = BUILT_PRODUCTS_DIR;
		};
		61203CA722CB383100C6D56E /* Alamofire.framework */ = {
			isa = PBXReferenceProxy;
			fileType = wrapper.framework;
			path = Alamofire.framework;
			remoteRef = 61203CA622CB383100C6D56E /* PBXContainerItemProxy */;
			sourceTree = BUILT_PRODUCTS_DIR;
		};
/* End PBXReferenceProxy section */

/* Begin PBXResourcesBuildPhase section */
		61203C7822CB32DC00C6D56E /* Resources */ = {
			isa = PBXResourcesBuildPhase;
			buildActionMask = 2147483647;
			files = (
				61203C8822CB32E000C6D56E /* LaunchScreen.storyboard in Resources */,
				61203C8522CB32E000C6D56E /* Assets.xcassets in Resources */,
				61203C8322CB32DD00C6D56E /* Main.storyboard in Resources */,
			);
			runOnlyForDeploymentPostprocessing = 0;
		};
/* End PBXResourcesBuildPhase section */

/* Begin PBXSourcesBuildPhase section */
		61203C7622CB32DC00C6D56E /* Sources */ = {
			isa = PBXSourcesBuildPhase;
			buildActionMask = 2147483647;
			files = (
				61203C8022CB32DD00C6D56E /* MasterViewController.swift in Sources */,
				61203C7E22CB32DD00C6D56E /* AppDelegate.swift in Sources */,
				61203CAE22CB38C800C6D56E /* AlamofireUtils.swift in Sources */,
				61203CB022CB436900C6D56E /* DetailViewController.swift in Sources */,
			);
			runOnlyForDeploymentPostprocessing = 0;
		};
/* End PBXSourcesBuildPhase section */

/* Begin PBXTargetDependency section */
		61203CA922CB385E00C6D56E /* PBXTargetDependency */ = {
			isa = PBXTargetDependency;
			name = "Alamofire iOS";
			targetProxy = 61203CA822CB385E00C6D56E /* PBXContainerItemProxy */;
		};
		61203CAB22CB385E00C6D56E /* PBXTargetDependency */ = {
			isa = PBXTargetDependency;
			name = "Alamofire macOS";
			targetProxy = 61203CAA22CB385E00C6D56E /* PBXContainerItemProxy */;
		};
/* End PBXTargetDependency section */

/* Begin PBXVariantGroup section */
		61203C8122CB32DD00C6D56E /* Main.storyboard */ = {
			isa = PBXVariantGroup;
			children = (
				61203C8222CB32DD00C6D56E /* Base */,
			);
			name = Main.storyboard;
			sourceTree = "<group>";
		};
		61203C8622CB32E000C6D56E /* LaunchScreen.storyboard */ = {
			isa = PBXVariantGroup;
			children = (
				61203C8722CB32E000C6D56E /* Base */,
			);
			name = LaunchScreen.storyboard;
			sourceTree = "<group>";
		};
/* End PBXVariantGroup section */

/* Begin XCBuildConfiguration section */
		61203C8A22CB32E000C6D56E /* Debug */ = {
			isa = XCBuildConfiguration;
			buildSettings = {
				ALWAYS_SEARCH_USER_PATHS = NO;
				CLANG_ANALYZER_NONNULL = YES;
				CLANG_ANALYZER_NUMBER_OBJECT_CONVERSION = YES_AGGRESSIVE;
				CLANG_CXX_LANGUAGE_STANDARD = "gnu++14";
				CLANG_CXX_LIBRARY = "libc++";
				CLANG_ENABLE_MODULES = YES;
				CLANG_ENABLE_OBJC_ARC = YES;
				CLANG_ENABLE_OBJC_WEAK = YES;
				CLANG_WARN_BLOCK_CAPTURE_AUTORELEASING = YES;
				CLANG_WARN_BOOL_CONVERSION = YES;
				CLANG_WARN_COMMA = YES;
				CLANG_WARN_CONSTANT_CONVERSION = YES;
				CLANG_WARN_DEPRECATED_OBJC_IMPLEMENTATIONS = YES;
				CLANG_WARN_DIRECT_OBJC_ISA_USAGE = YES_ERROR;
				CLANG_WARN_DOCUMENTATION_COMMENTS = YES;
				CLANG_WARN_EMPTY_BODY = YES;
				CLANG_WARN_ENUM_CONVERSION = YES;
				CLANG_WARN_INFINITE_RECURSION = YES;
				CLANG_WARN_INT_CONVERSION = YES;
				CLANG_WARN_NON_LITERAL_NULL_CONVERSION = YES;
				CLANG_WARN_OBJC_IMPLICIT_RETAIN_SELF = YES;
				CLANG_WARN_OBJC_LITERAL_CONVERSION = YES;
				CLANG_WARN_OBJC_ROOT_CLASS = YES_ERROR;
				CLANG_WARN_RANGE_LOOP_ANALYSIS = YES;
				CLANG_WARN_STRICT_PROTOTYPES = YES;
				CLANG_WARN_SUSPICIOUS_MOVE = YES;
				CLANG_WARN_UNGUARDED_AVAILABILITY = YES_AGGRESSIVE;
				CLANG_WARN_UNREACHABLE_CODE = YES;
				CLANG_WARN__DUPLICATE_METHOD_MATCH = YES;
				CODE_SIGN_IDENTITY = "iPhone Developer";
				COPY_PHASE_STRIP = NO;
				DEBUG_INFORMATION_FORMAT = dwarf;
				ENABLE_STRICT_OBJC_MSGSEND = YES;
				ENABLE_TESTABILITY = YES;
				GCC_C_LANGUAGE_STANDARD = gnu11;
				GCC_DYNAMIC_NO_PIC = NO;
				GCC_NO_COMMON_BLOCKS = YES;
				GCC_OPTIMIZATION_LEVEL = 0;
				GCC_PREPROCESSOR_DEFINITIONS = (
					"DEBUG=1",
					"$(inherited)",
				);
				GCC_WARN_64_TO_32_BIT_CONVERSION = YES;
				GCC_WARN_ABOUT_RETURN_TYPE = YES_ERROR;
				GCC_WARN_UNDECLARED_SELECTOR = YES;
				GCC_WARN_UNINITIALIZED_AUTOS = YES_AGGRESSIVE;
				GCC_WARN_UNUSED_FUNCTION = YES;
				GCC_WARN_UNUSED_VARIABLE = YES;
				IPHONEOS_DEPLOYMENT_TARGET = 12.2;
				MTL_ENABLE_DEBUG_INFO = INCLUDE_SOURCE;
				MTL_FAST_MATH = YES;
				ONLY_ACTIVE_ARCH = YES;
				SDKROOT = iphoneos;
				SWIFT_ACTIVE_COMPILATION_CONDITIONS = DEBUG;
				SWIFT_OPTIMIZATION_LEVEL = "-Onone";
			};
			name = Debug;
		};
		61203C8B22CB32E000C6D56E /* Release */ = {
			isa = XCBuildConfiguration;
			buildSettings = {
				ALWAYS_SEARCH_USER_PATHS = NO;
				CLANG_ANALYZER_NONNULL = YES;
				CLANG_ANALYZER_NUMBER_OBJECT_CONVERSION = YES_AGGRESSIVE;
				CLANG_CXX_LANGUAGE_STANDARD = "gnu++14";
				CLANG_CXX_LIBRARY = "libc++";
				CLANG_ENABLE_MODULES = YES;
				CLANG_ENABLE_OBJC_ARC = YES;
				CLANG_ENABLE_OBJC_WEAK = YES;
				CLANG_WARN_BLOCK_CAPTURE_AUTORELEASING = YES;
				CLANG_WARN_BOOL_CONVERSION = YES;
				CLANG_WARN_COMMA = YES;
				CLANG_WARN_CONSTANT_CONVERSION = YES;
				CLANG_WARN_DEPRECATED_OBJC_IMPLEMENTATIONS = YES;
				CLANG_WARN_DIRECT_OBJC_ISA_USAGE = YES_ERROR;
				CLANG_WARN_DOCUMENTATION_COMMENTS = YES;
				CLANG_WARN_EMPTY_BODY = YES;
				CLANG_WARN_ENUM_CONVERSION = YES;
				CLANG_WARN_INFINITE_RECURSION = YES;
				CLANG_WARN_INT_CONVERSION = YES;
				CLANG_WARN_NON_LITERAL_NULL_CONVERSION = YES;
				CLANG_WARN_OBJC_IMPLICIT_RETAIN_SELF = YES;
				CLANG_WARN_OBJC_LITERAL_CONVERSION = YES;
				CLANG_WARN_OBJC_ROOT_CLASS = YES_ERROR;
				CLANG_WARN_RANGE_LOOP_ANALYSIS = YES;
				CLANG_WARN_STRICT_PROTOTYPES = YES;
				CLANG_WARN_SUSPICIOUS_MOVE = YES;
				CLANG_WARN_UNGUARDED_AVAILABILITY = YES_AGGRESSIVE;
				CLANG_WARN_UNREACHABLE_CODE = YES;
				CLANG_WARN__DUPLICATE_METHOD_MATCH = YES;
				CODE_SIGN_IDENTITY = "iPhone Developer";
				COPY_PHASE_STRIP = NO;
				DEBUG_INFORMATION_FORMAT = "dwarf-with-dsym";
				ENABLE_NS_ASSERTIONS = NO;
				ENABLE_STRICT_OBJC_MSGSEND = YES;
				GCC_C_LANGUAGE_STANDARD = gnu11;
				GCC_NO_COMMON_BLOCKS = YES;
				GCC_WARN_64_TO_32_BIT_CONVERSION = YES;
				GCC_WARN_ABOUT_RETURN_TYPE = YES_ERROR;
				GCC_WARN_UNDECLARED_SELECTOR = YES;
				GCC_WARN_UNINITIALIZED_AUTOS = YES_AGGRESSIVE;
				GCC_WARN_UNUSED_FUNCTION = YES;
				GCC_WARN_UNUSED_VARIABLE = YES;
				IPHONEOS_DEPLOYMENT_TARGET = 12.2;
				MTL_ENABLE_DEBUG_INFO = NO;
				MTL_FAST_MATH = YES;
				SDKROOT = iphoneos;
				SWIFT_COMPILATION_MODE = wholemodule;
				SWIFT_OPTIMIZATION_LEVEL = "-O";
				VALIDATE_PRODUCT = YES;
			};
			name = Release;
		};
		61203C8D22CB32E000C6D56E /* Debug */ = {
			isa = XCBuildConfiguration;
			buildSettings = {
				ASSETCATALOG_COMPILER_APPICON_NAME = AppIcon;
				CODE_SIGN_STYLE = Automatic;
				DEVELOPMENT_TEAM = G4MM77V7NH;
				INFOPLIST_FILE = AppStoreApiPractice/Info.plist;
				LD_RUNPATH_SEARCH_PATHS = (
					"$(inherited)",
					"@executable_path/Frameworks",
				);
				PRODUCT_BUNDLE_IDENTIFIER = io.github.92pino.AppStoreApiPractice;
				PRODUCT_NAME = "$(TARGET_NAME)";
				SWIFT_VERSION = 5.0;
				TARGETED_DEVICE_FAMILY = "1,2";
			};
			name = Debug;
		};
		61203C8E22CB32E000C6D56E /* Release */ = {
			isa = XCBuildConfiguration;
			buildSettings = {
				ASSETCATALOG_COMPILER_APPICON_NAME = AppIcon;
				CODE_SIGN_STYLE = Automatic;
				DEVELOPMENT_TEAM = G4MM77V7NH;
				INFOPLIST_FILE = AppStoreApiPractice/Info.plist;
				LD_RUNPATH_SEARCH_PATHS = (
					"$(inherited)",
					"@executable_path/Frameworks",
				);
				PRODUCT_BUNDLE_IDENTIFIER = io.github.92pino.AppStoreApiPractice;
				PRODUCT_NAME = "$(TARGET_NAME)";
				SWIFT_VERSION = 5.0;
				TARGETED_DEVICE_FAMILY = "1,2";
			};
			name = Release;
		};
/* End XCBuildConfiguration section */

/* Begin XCConfigurationList section */
		61203C7522CB32DC00C6D56E /* Build configuration list for PBXProject "AppStoreApiPractice" */ = {
			isa = XCConfigurationList;
			buildConfigurations = (
				61203C8A22CB32E000C6D56E /* Debug */,
				61203C8B22CB32E000C6D56E /* Release */,
			);
			defaultConfigurationIsVisible = 0;
			defaultConfigurationName = Release;
		};
		61203C8C22CB32E000C6D56E /* Build configuration list for PBXNativeTarget "AppStoreApiPractice" */ = {
			isa = XCConfigurationList;
			buildConfigurations = (
				61203C8D22CB32E000C6D56E /* Debug */,
				61203C8E22CB32E000C6D56E /* Release */,
			);
			defaultConfigurationIsVisible = 0;
			defaultConfigurationName = Release;
		};
/* End XCConfigurationList section */
	};
	rootObject = 61203C7222CB32DC00C6D56E /* Project object */;
}
