// !$*UTF8*$!
{
	archiveVersion = 1;
	classes = {
	};
	objectVersion = 50;
	objects = {

/* Begin PBXBuildFile section */
		61E01EDA228DB36000045833 /* AppDelegate.swift in Sources */ = {isa = PBXBuildFile; fileRef = 61E01ED9228DB36000045833 /* AppDelegate.swift */; };
		61E01EDC228DB36000045833 /* HomeViewController.swift in Sources */ = {isa = PBXBuildFile; fileRef = 61E01EDB228DB36000045833 /* HomeViewController.swift */; };
		61E01EDF228DB36000045833 /* Main.storyboard in Resources */ = {isa = PBXBuildFile; fileRef = 61E01EDD228DB36000045833 /* Main.storyboard */; };
		61E01EE1228DB36200045833 /* Assets.xcassets in Resources */ = {isa = PBXBuildFile; fileRef = 61E01EE0228DB36200045833 /* Assets.xcassets */; };
		61E01EE4228DB36200045833 /* LaunchScreen.storyboard in Resources */ = {isa = PBXBuildFile; fileRef = 61E01EE2228DB36200045833 /* LaunchScreen.storyboard */; };
		61E01EED228E5ACB00045833 /* Extensions.swift in Sources */ = {isa = PBXBuildFile; fileRef = 61E01EEC228E5ACB00045833 /* Extensions.swift */; };
		61E01EEF228E5BE400045833 /* PlusViewController.swift in Sources */ = {isa = PBXBuildFile; fileRef = 61E01EEE228E5BE400045833 /* PlusViewController.swift */; };
		61E01EF1228E5C3C00045833 /* MyPageViewController.swift in Sources */ = {isa = PBXBuildFile; fileRef = 61E01EF0228E5C3C00045833 /* MyPageViewController.swift */; };
		61E01EF7228E5F3900045833 /* AppImageData.swift in Sources */ = {isa = PBXBuildFile; fileRef = 61E01EF6228E5F3900045833 /* AppImageData.swift */; };
/* End PBXBuildFile section */

/* Begin PBXFileReference section */
		61E01ED6228DB36000045833 /* InstagramPractice.app */ = {isa = PBXFileReference; explicitFileType = wrapper.application; includeInIndex = 0; path = InstagramPractice.app; sourceTree = BUILT_PRODUCTS_DIR; };
		61E01ED9228DB36000045833 /* AppDelegate.swift */ = {isa = PBXFileReference; lastKnownFileType = sourcecode.swift; path = AppDelegate.swift; sourceTree = "<group>"; };
		61E01EDB228DB36000045833 /* HomeViewController.swift */ = {isa = PBXFileReference; lastKnownFileType = sourcecode.swift; path = HomeViewController.swift; sourceTree = "<group>"; };
		61E01EDE228DB36000045833 /* Base */ = {isa = PBXFileReference; lastKnownFileType = file.storyboard; name = Base; path = Base.lproj/Main.storyboard; sourceTree = "<group>"; };
		61E01EE0228DB36200045833 /* Assets.xcassets */ = {isa = PBXFileReference; lastKnownFileType = folder.assetcatalog; path = Assets.xcassets; sourceTree = "<group>"; };
		61E01EE3228DB36200045833 /* Base */ = {isa = PBXFileReference; lastKnownFileType = file.storyboard; name = Base; path = Base.lproj/LaunchScreen.storyboard; sourceTree = "<group>"; };
		61E01EE5228DB36200045833 /* Info.plist */ = {isa = PBXFileReference; lastKnownFileType = text.plist.xml; path = Info.plist; sourceTree = "<group>"; };
		61E01EEC228E5ACB00045833 /* Extensions.swift */ = {isa = PBXFileReference; lastKnownFileType = sourcecode.swift; path = Extensions.swift; sourceTree = "<group>"; };
		61E01EEE228E5BE400045833 /* PlusViewController.swift */ = {isa = PBXFileReference; lastKnownFileType = sourcecode.swift; path = PlusViewController.swift; sourceTree = "<group>"; };
		61E01EF0228E5C3C00045833 /* MyPageViewController.swift */ = {isa = PBXFileReference; lastKnownFileType = sourcecode.swift; path = MyPageViewController.swift; sourceTree = "<group>"; };
		61E01EF6228E5F3900045833 /* AppImageData.swift */ = {isa = PBXFileReference; lastKnownFileType = sourcecode.swift; path = AppImageData.swift; sourceTree = "<group>"; };
/* End PBXFileReference section */

/* Begin PBXFrameworksBuildPhase section */
		61E01ED3228DB36000045833 /* Frameworks */ = {
			isa = PBXFrameworksBuildPhase;
			buildActionMask = 2147483647;
			files = (
			);
			runOnlyForDeploymentPostprocessing = 0;
		};
/* End PBXFrameworksBuildPhase section */

/* Begin PBXGroup section */
		61E01ECD228DB36000045833 = {
			isa = PBXGroup;
			children = (
				61E01ED8228DB36000045833 /* InstagramPractice */,
				61E01ED7228DB36000045833 /* Products */,
			);
			sourceTree = "<group>";
		};
		61E01ED7228DB36000045833 /* Products */ = {
			isa = PBXGroup;
			children = (
				61E01ED6228DB36000045833 /* InstagramPractice.app */,
			);
			name = Products;
			sourceTree = "<group>";
		};
		61E01ED8228DB36000045833 /* InstagramPractice */ = {
			isa = PBXGroup;
			children = (
				61E01EF3228E5F0700045833 /* VC */,
				61E01EF2228E5EF500045833 /* Model */,
				61E01EEB228E5ABB00045833 /* Utils */,
				61E01ED9228DB36000045833 /* AppDelegate.swift */,
				61E01EDD228DB36000045833 /* Main.storyboard */,
				61E01EE0228DB36200045833 /* Assets.xcassets */,
				61E01EE2228DB36200045833 /* LaunchScreen.storyboard */,
				61E01EE5228DB36200045833 /* Info.plist */,
			);
			path = InstagramPractice;
			sourceTree = "<group>";
		};
		61E01EEB228E5ABB00045833 /* Utils */ = {
			isa = PBXGroup;
			children = (
				61E01EEC228E5ACB00045833 /* Extensions.swift */,
			);
			path = Utils;
			sourceTree = "<group>";
		};
		61E01EF2228E5EF500045833 /* Model */ = {
			isa = PBXGroup;
			children = (
				61E01EF6228E5F3900045833 /* AppImageData.swift */,
			);
			path = Model;
			sourceTree = "<group>";
		};
		61E01EF3228E5F0700045833 /* VC */ = {
			isa = PBXGroup;
			children = (
				61E01EF0228E5C3C00045833 /* MyPageViewController.swift */,
				61E01EEE228E5BE400045833 /* PlusViewController.swift */,
				61E01EDB228DB36000045833 /* HomeViewController.swift */,
			);
			path = VC;
			sourceTree = "<group>";
		};
/* End PBXGroup section */

/* Begin PBXNativeTarget section */
		61E01ED5228DB36000045833 /* InstagramPractice */ = {
			isa = PBXNativeTarget;
			buildConfigurationList = 61E01EE8228DB36200045833 /* Build configuration list for PBXNativeTarget "InstagramPractice" */;
			buildPhases = (
				61E01ED2228DB36000045833 /* Sources */,
				61E01ED3228DB36000045833 /* Frameworks */,
				61E01ED4228DB36000045833 /* Resources */,
			);
			buildRules = (
			);
			dependencies = (
			);
			name = InstagramPractice;
			productName = InstagramPractice;
			productReference = 61E01ED6228DB36000045833 /* InstagramPractice.app */;
			productType = "com.apple.product-type.application";
		};
/* End PBXNativeTarget section */

/* Begin PBXProject section */
		61E01ECE228DB36000045833 /* Project object */ = {
			isa = PBXProject;
			attributes = {
				LastSwiftUpdateCheck = 1020;
				LastUpgradeCheck = 1020;
				ORGANIZATIONNAME = pino;
				TargetAttributes = {
					61E01ED5228DB36000045833 = {
						CreatedOnToolsVersion = 10.2.1;
					};
				};
			};
			buildConfigurationList = 61E01ED1228DB36000045833 /* Build configuration list for PBXProject "InstagramPractice" */;
			compatibilityVersion = "Xcode 9.3";
			developmentRegion = en;
			hasScannedForEncodings = 0;
			knownRegions = (
				en,
				Base,
			);
			mainGroup = 61E01ECD228DB36000045833;
			productRefGroup = 61E01ED7228DB36000045833 /* Products */;
			projectDirPath = "";
			projectRoot = "";
			targets = (
				61E01ED5228DB36000045833 /* InstagramPractice */,
			);
		};
/* End PBXProject section */

/* Begin PBXResourcesBuildPhase section */
		61E01ED4228DB36000045833 /* Resources */ = {
			isa = PBXResourcesBuildPhase;
			buildActionMask = 2147483647;
			files = (
				61E01EE4228DB36200045833 /* LaunchScreen.storyboard in Resources */,
				61E01EE1228DB36200045833 /* Assets.xcassets in Resources */,
				61E01EDF228DB36000045833 /* Main.storyboard in Resources */,
			);
			runOnlyForDeploymentPostprocessing = 0;
		};
/* End PBXResourcesBuildPhase section */

/* Begin PBXSourcesBuildPhase section */
		61E01ED2228DB36000045833 /* Sources */ = {
			isa = PBXSourcesBuildPhase;
			buildActionMask = 2147483647;
			files = (
				61E01EF1228E5C3C00045833 /* MyPageViewController.swift in Sources */,
				61E01EDC228DB36000045833 /* HomeViewController.swift in Sources */,
				61E01EED228E5ACB00045833 /* Extensions.swift in Sources */,
				61E01EEF228E5BE400045833 /* PlusViewController.swift in Sources */,
				61E01EDA228DB36000045833 /* AppDelegate.swift in Sources */,
				61E01EF7228E5F3900045833 /* AppImageData.swift in Sources */,
			);
			runOnlyForDeploymentPostprocessing = 0;
		};
/* End PBXSourcesBuildPhase section */

/* Begin PBXVariantGroup section */
		61E01EDD228DB36000045833 /* Main.storyboard */ = {
			isa = PBXVariantGroup;
			children = (
				61E01EDE228DB36000045833 /* Base */,
			);
			name = Main.storyboard;
			sourceTree = "<group>";
		};
		61E01EE2228DB36200045833 /* LaunchScreen.storyboard */ = {
			isa = PBXVariantGroup;
			children = (
				61E01EE3228DB36200045833 /* Base */,
			);
			name = LaunchScreen.storyboard;
			sourceTree = "<group>";
		};
/* End PBXVariantGroup section */

/* Begin XCBuildConfiguration section */
		61E01EE6228DB36200045833 /* Debug */ = {
			isa = XCBuildConfiguration;
			buildSettings = {
				ALWAYS_SEARCH_USER_PATHS = NO;
				CLANG_ANALYZER_NONNULL = YES;
				CLANG_ANALYZER_NUMBER_OBJECT_CONVERSION = YES_AGGRESSIVE;
				CLANG_CXX_LANGUAGE_STANDARD = "gnu++14";
				CLANG_CXX_LIBRARY = "libc++";
				CLANG_ENABLE_MODULES = YES;
				CLANG_ENABLE_OBJC_ARC = YES;
				CLANG_ENABLE_OBJC_WEAK = YES;
				CLANG_WARN_BLOCK_CAPTURE_AUTORELEASING = YES;
				CLANG_WARN_BOOL_CONVERSION = YES;
				CLANG_WARN_COMMA = YES;
				CLANG_WARN_CONSTANT_CONVERSION = YES;
				CLANG_WARN_DEPRECATED_OBJC_IMPLEMENTATIONS = YES;
				CLANG_WARN_DIRECT_OBJC_ISA_USAGE = YES_ERROR;
				CLANG_WARN_DOCUMENTATION_COMMENTS = YES;
				CLANG_WARN_EMPTY_BODY = YES;
				CLANG_WARN_ENUM_CONVERSION = YES;
				CLANG_WARN_INFINITE_RECURSION = YES;
				CLANG_WARN_INT_CONVERSION = YES;
				CLANG_WARN_NON_LITERAL_NULL_CONVERSION = YES;
				CLANG_WARN_OBJC_IMPLICIT_RETAIN_SELF = YES;
				CLANG_WARN_OBJC_LITERAL_CONVERSION = YES;
				CLANG_WARN_OBJC_ROOT_CLASS = YES_ERROR;
				CLANG_WARN_RANGE_LOOP_ANALYSIS = YES;
				CLANG_WARN_STRICT_PROTOTYPES = YES;
				CLANG_WARN_SUSPICIOUS_MOVE = YES;
				CLANG_WARN_UNGUARDED_AVAILABILITY = YES_AGGRESSIVE;
				CLANG_WARN_UNREACHABLE_CODE = YES;
				CLANG_WARN__DUPLICATE_METHOD_MATCH = YES;
				CODE_SIGN_IDENTITY = "iPhone Developer";
				COPY_PHASE_STRIP = NO;
				DEBUG_INFORMATION_FORMAT = dwarf;
				ENABLE_STRICT_OBJC_MSGSEND = YES;
				ENABLE_TESTABILITY = YES;
				GCC_C_LANGUAGE_STANDARD = gnu11;
				GCC_DYNAMIC_NO_PIC = NO;
				GCC_NO_COMMON_BLOCKS = YES;
				GCC_OPTIMIZATION_LEVEL = 0;
				GCC_PREPROCESSOR_DEFINITIONS = (
					"DEBUG=1",
					"$(inherited)",
				);
				GCC_WARN_64_TO_32_BIT_CONVERSION = YES;
				GCC_WARN_ABOUT_RETURN_TYPE = YES_ERROR;
				GCC_WARN_UNDECLARED_SELECTOR = YES;
				GCC_WARN_UNINITIALIZED_AUTOS = YES_AGGRESSIVE;
				GCC_WARN_UNUSED_FUNCTION = YES;
				GCC_WARN_UNUSED_VARIABLE = YES;
				IPHONEOS_DEPLOYMENT_TARGET = 12.2;
				MTL_ENABLE_DEBUG_INFO = INCLUDE_SOURCE;
				MTL_FAST_MATH = YES;
				ONLY_ACTIVE_ARCH = YES;
				SDKROOT = iphoneos;
				SWIFT_ACTIVE_COMPILATION_CONDITIONS = DEBUG;
				SWIFT_OPTIMIZATION_LEVEL = "-Onone";
			};
			name = Debug;
		};
		61E01EE7228DB36200045833 /* Release */ = {
			isa = XCBuildConfiguration;
			buildSettings = {
				ALWAYS_SEARCH_USER_PATHS = NO;
				CLANG_ANALYZER_NONNULL = YES;
				CLANG_ANALYZER_NUMBER_OBJECT_CONVERSION = YES_AGGRESSIVE;
				CLANG_CXX_LANGUAGE_STANDARD = "gnu++14";
				CLANG_CXX_LIBRARY = "libc++";
				CLANG_ENABLE_MODULES = YES;
				CLANG_ENABLE_OBJC_ARC = YES;
				CLANG_ENABLE_OBJC_WEAK = YES;
				CLANG_WARN_BLOCK_CAPTURE_AUTORELEASING = YES;
				CLANG_WARN_BOOL_CONVERSION = YES;
				CLANG_WARN_COMMA = YES;
				CLANG_WARN_CONSTANT_CONVERSION = YES;
				CLANG_WARN_DEPRECATED_OBJC_IMPLEMENTATIONS = YES;
				CLANG_WARN_DIRECT_OBJC_ISA_USAGE = YES_ERROR;
				CLANG_WARN_DOCUMENTATION_COMMENTS = YES;
				CLANG_WARN_EMPTY_BODY = YES;
				CLANG_WARN_ENUM_CONVERSION = YES;
				CLANG_WARN_INFINITE_RECURSION = YES;
				CLANG_WARN_INT_CONVERSION = YES;
				CLANG_WARN_NON_LITERAL_NULL_CONVERSION = YES;
				CLANG_WARN_OBJC_IMPLICIT_RETAIN_SELF = YES;
				CLANG_WARN_OBJC_LITERAL_CONVERSION = YES;
				CLANG_WARN_OBJC_ROOT_CLASS = YES_ERROR;
				CLANG_WARN_RANGE_LOOP_ANALYSIS = YES;
				CLANG_WARN_STRICT_PROTOTYPES = YES;
				CLANG_WARN_SUSPICIOUS_MOVE = YES;
				CLANG_WARN_UNGUARDED_AVAILABILITY = YES_AGGRESSIVE;
				CLANG_WARN_UNREACHABLE_CODE = YES;
				CLANG_WARN__DUPLICATE_METHOD_MATCH = YES;
				CODE_SIGN_IDENTITY = "iPhone Developer";
				COPY_PHASE_STRIP = NO;
				DEBUG_INFORMATION_FORMAT = "dwarf-with-dsym";
				ENABLE_NS_ASSERTIONS = NO;
				ENABLE_STRICT_OBJC_MSGSEND = YES;
				GCC_C_LANGUAGE_STANDARD = gnu11;
				GCC_NO_COMMON_BLOCKS = YES;
				GCC_WARN_64_TO_32_BIT_CONVERSION = YES;
				GCC_WARN_ABOUT_RETURN_TYPE = YES_ERROR;
				GCC_WARN_UNDECLARED_SELECTOR = YES;
				GCC_WARN_UNINITIALIZED_AUTOS = YES_AGGRESSIVE;
				GCC_WARN_UNUSED_FUNCTION = YES;
				GCC_WARN_UNUSED_VARIABLE = YES;
				IPHONEOS_DEPLOYMENT_TARGET = 12.2;
				MTL_ENABLE_DEBUG_INFO = NO;
				MTL_FAST_MATH = YES;
				SDKROOT = iphoneos;
				SWIFT_COMPILATION_MODE = wholemodule;
				SWIFT_OPTIMIZATION_LEVEL = "-O";
				VALIDATE_PRODUCT = YES;
			};
			name = Release;
		};
		61E01EE9228DB36200045833 /* Debug */ = {
			isa = XCBuildConfiguration;
			buildSettings = {
				ASSETCATALOG_COMPILER_APPICON_NAME = AppIcon;
				CODE_SIGN_STYLE = Automatic;
				DEVELOPMENT_TEAM = 7F7W8C3A76;
				INFOPLIST_FILE = InstagramPractice/Info.plist;
				LD_RUNPATH_SEARCH_PATHS = (
					"$(inherited)",
					"@executable_path/Frameworks",
				);
				PRODUCT_BUNDLE_IDENTIFIER = io.github.92pino.InstagramPractice;
				PRODUCT_NAME = "$(TARGET_NAME)";
				SWIFT_VERSION = 5.0;
				TARGETED_DEVICE_FAMILY = "1,2";
			};
			name = Debug;
		};
		61E01EEA228DB36200045833 /* Release */ = {
			isa = XCBuildConfiguration;
			buildSettings = {
				ASSETCATALOG_COMPILER_APPICON_NAME = AppIcon;
				CODE_SIGN_STYLE = Automatic;
				DEVELOPMENT_TEAM = 7F7W8C3A76;
				INFOPLIST_FILE = InstagramPractice/Info.plist;
				LD_RUNPATH_SEARCH_PATHS = (
					"$(inherited)",
					"@executable_path/Frameworks",
				);
				PRODUCT_BUNDLE_IDENTIFIER = io.github.92pino.InstagramPractice;
				PRODUCT_NAME = "$(TARGET_NAME)";
				SWIFT_VERSION = 5.0;
				TARGETED_DEVICE_FAMILY = "1,2";
			};
			name = Release;
		};
/* End XCBuildConfiguration section */

/* Begin XCConfigurationList section */
		61E01ED1228DB36000045833 /* Build configuration list for PBXProject "InstagramPractice" */ = {
			isa = XCConfigurationList;
			buildConfigurations = (
				61E01EE6228DB36200045833 /* Debug */,
				61E01EE7228DB36200045833 /* Release */,
			);
			defaultConfigurationIsVisible = 0;
			defaultConfigurationName = Release;
		};
		61E01EE8228DB36200045833 /* Build configuration list for PBXNativeTarget "InstagramPractice" */ = {
			isa = XCConfigurationList;
			buildConfigurations = (
				61E01EE9228DB36200045833 /* Debug */,
				61E01EEA228DB36200045833 /* Release */,
			);
			defaultConfigurationIsVisible = 0;
			defaultConfigurationName = Release;
		};
/* End XCConfigurationList section */
	};
	rootObject = 61E01ECE228DB36000045833 /* Project object */;
}
