// !$*UTF8*$!
{
	archiveVersion = 1;
	classes = {
	};
	objectVersion = 51;
	objects = {

/* Begin PBXBuildFile section */
		6104240C22DF7F4F0087E719 /* AppDelegate.swift in Sources */ = {isa = PBXBuildFile; fileRef = 6104240B22DF7F4F0087E719 /* AppDelegate.swift */; };
		6104240E22DF7F4F0087E719 /* ListViewController.swift in Sources */ = {isa = PBXBuildFile; fileRef = 6104240D22DF7F4F0087E719 /* ListViewController.swift */; };
		6104241122DF7F4F0087E719 /* Main.storyboard in Resources */ = {isa = PBXBuildFile; fileRef = 6104240F22DF7F4F0087E719 /* Main.storyboard */; };
		6104241322DF7F520087E719 /* Assets.xcassets in Resources */ = {isa = PBXBuildFile; fileRef = 6104241222DF7F520087E719 /* Assets.xcassets */; };
		6104241622DF7F520087E719 /* LaunchScreen.storyboard in Resources */ = {isa = PBXBuildFile; fileRef = 6104241422DF7F520087E719 /* LaunchScreen.storyboard */; };
		615183902310729C00098751 /* View1Controller.swift in Sources */ = {isa = PBXBuildFile; fileRef = 6151838F2310729C00098751 /* View1Controller.swift */; };
		61518392231075B000098751 /* View2Controller.swift in Sources */ = {isa = PBXBuildFile; fileRef = 61518391231075B000098751 /* View2Controller.swift */; };
		615183942310791F00098751 /* View3Controller.swift in Sources */ = {isa = PBXBuildFile; fileRef = 615183932310791F00098751 /* View3Controller.swift */; };
		6151839923107B1400098751 /* TableView2Controller.swift in Sources */ = {isa = PBXBuildFile; fileRef = 6151839823107B1400098751 /* TableView2Controller.swift */; };
		6151839C23107B9900098751 /* TableView2Model.swift in Sources */ = {isa = PBXBuildFile; fileRef = 6151839B23107B9900098751 /* TableView2Model.swift */; };
		6151839E23107DAF00098751 /* TableView2Cell.swift in Sources */ = {isa = PBXBuildFile; fileRef = 6151839D23107DAF00098751 /* TableView2Cell.swift */; };
		DDC5AC650323FE90A47032DE /* Pods_snapKitExample.framework in Frameworks */ = {isa = PBXBuildFile; fileRef = E87A09196B299049656115D4 /* Pods_snapKitExample.framework */; };
/* End PBXBuildFile section */

/* Begin PBXFileReference section */
		0D81219A16E1B57CFD782FD1 /* Pods-snapKitExample.release.xcconfig */ = {isa = PBXFileReference; includeInIndex = 1; lastKnownFileType = text.xcconfig; name = "Pods-snapKitExample.release.xcconfig"; path = "Target Support Files/Pods-snapKitExample/Pods-snapKitExample.release.xcconfig"; sourceTree = "<group>"; };
		17B51E74164531B88B006BA2 /* Pods-snapKitExample.debug.xcconfig */ = {isa = PBXFileReference; includeInIndex = 1; lastKnownFileType = text.xcconfig; name = "Pods-snapKitExample.debug.xcconfig"; path = "Target Support Files/Pods-snapKitExample/Pods-snapKitExample.debug.xcconfig"; sourceTree = "<group>"; };
		6104240822DF7F4F0087E719 /* snapKitExample.app */ = {isa = PBXFileReference; explicitFileType = wrapper.application; includeInIndex = 0; path = snapKitExample.app; sourceTree = BUILT_PRODUCTS_DIR; };
		6104240B22DF7F4F0087E719 /* AppDelegate.swift */ = {isa = PBXFileReference; lastKnownFileType = sourcecode.swift; path = AppDelegate.swift; sourceTree = "<group>"; };
		6104240D22DF7F4F0087E719 /* ListViewController.swift */ = {isa = PBXFileReference; lastKnownFileType = sourcecode.swift; path = ListViewController.swift; sourceTree = "<group>"; };
		6104241022DF7F4F0087E719 /* Base */ = {isa = PBXFileReference; lastKnownFileType = file.storyboard; name = Base; path = Base.lproj/Main.storyboard; sourceTree = "<group>"; };
		6104241222DF7F520087E719 /* Assets.xcassets */ = {isa = PBXFileReference; lastKnownFileType = folder.assetcatalog; path = Assets.xcassets; sourceTree = "<group>"; };
		6104241522DF7F520087E719 /* Base */ = {isa = PBXFileReference; lastKnownFileType = file.storyboard; name = Base; path = Base.lproj/LaunchScreen.storyboard; sourceTree = "<group>"; };
		6104241722DF7F520087E719 /* Info.plist */ = {isa = PBXFileReference; lastKnownFileType = text.plist.xml; path = Info.plist; sourceTree = "<group>"; };
		6151838F2310729C00098751 /* View1Controller.swift */ = {isa = PBXFileReference; lastKnownFileType = sourcecode.swift; path = View1Controller.swift; sourceTree = "<group>"; };
		61518391231075B000098751 /* View2Controller.swift */ = {isa = PBXFileReference; lastKnownFileType = sourcecode.swift; path = View2Controller.swift; sourceTree = "<group>"; };
		615183932310791F00098751 /* View3Controller.swift */ = {isa = PBXFileReference; lastKnownFileType = sourcecode.swift; path = View3Controller.swift; sourceTree = "<group>"; };
		6151839823107B1400098751 /* TableView2Controller.swift */ = {isa = PBXFileReference; lastKnownFileType = sourcecode.swift; path = TableView2Controller.swift; sourceTree = "<group>"; };
		6151839B23107B9900098751 /* TableView2Model.swift */ = {isa = PBXFileReference; lastKnownFileType = sourcecode.swift; path = TableView2Model.swift; sourceTree = "<group>"; };
		6151839D23107DAF00098751 /* TableView2Cell.swift */ = {isa = PBXFileReference; lastKnownFileType = sourcecode.swift; path = TableView2Cell.swift; sourceTree = "<group>"; };
		E87A09196B299049656115D4 /* Pods_snapKitExample.framework */ = {isa = PBXFileReference; explicitFileType = wrapper.framework; includeInIndex = 0; path = Pods_snapKitExample.framework; sourceTree = BUILT_PRODUCTS_DIR; };
/* End PBXFileReference section */

/* Begin PBXFrameworksBuildPhase section */
		6104240522DF7F4F0087E719 /* Frameworks */ = {
			isa = PBXFrameworksBuildPhase;
			buildActionMask = 2147483647;
			files = (
				DDC5AC650323FE90A47032DE /* Pods_snapKitExample.framework in Frameworks */,
			);
			runOnlyForDeploymentPostprocessing = 0;
		};
/* End PBXFrameworksBuildPhase section */

/* Begin PBXGroup section */
		39700B917BBC8E05FD3EB2CF /* Pods */ = {
			isa = PBXGroup;
			children = (
				17B51E74164531B88B006BA2 /* Pods-snapKitExample.debug.xcconfig */,
				0D81219A16E1B57CFD782FD1 /* Pods-snapKitExample.release.xcconfig */,
			);
			path = Pods;
			sourceTree = "<group>";
		};
		610423FF22DF7F4F0087E719 = {
			isa = PBXGroup;
			children = (
				6104240A22DF7F4F0087E719 /* snapKitExample */,
				6104240922DF7F4F0087E719 /* Products */,
				39700B917BBC8E05FD3EB2CF /* Pods */,
				F276109722854C3B9AA1E3FE /* Frameworks */,
			);
			sourceTree = "<group>";
		};
		6104240922DF7F4F0087E719 /* Products */ = {
			isa = PBXGroup;
			children = (
				6104240822DF7F4F0087E719 /* snapKitExample.app */,
			);
			name = Products;
			sourceTree = "<group>";
		};
		6104240A22DF7F4F0087E719 /* snapKitExample */ = {
			isa = PBXGroup;
			children = (
				6151838D2310727A00098751 /* Controller */,
				6104240B22DF7F4F0087E719 /* AppDelegate.swift */,
				6104240D22DF7F4F0087E719 /* ListViewController.swift */,
				6104240F22DF7F4F0087E719 /* Main.storyboard */,
				6104241222DF7F520087E719 /* Assets.xcassets */,
				6104241422DF7F520087E719 /* LaunchScreen.storyboard */,
				6104241722DF7F520087E719 /* Info.plist */,
			);
			path = snapKitExample;
			sourceTree = "<group>";
		};
		6151838D2310727A00098751 /* Controller */ = {
			isa = PBXGroup;
			children = (
				6151838E2310728600098751 /* 1.View */,
				6151839623107AE600098751 /* 2.StackView */,
				6151839523107AD500098751 /* 3.TableView */,
				6151839A23107B7A00098751 /* Model */,
			);
			path = Controller;
			sourceTree = "<group>";
		};
		6151838E2310728600098751 /* 1.View */ = {
			isa = PBXGroup;
			children = (
				6151838F2310729C00098751 /* View1Controller.swift */,
				61518391231075B000098751 /* View2Controller.swift */,
				615183932310791F00098751 /* View3Controller.swift */,
			);
			path = 1.View;
			sourceTree = "<group>";
		};
		6151839523107AD500098751 /* 3.TableView */ = {
			isa = PBXGroup;
			children = (
				6151839723107AFC00098751 /* Cell */,
				6151839823107B1400098751 /* TableView2Controller.swift */,
			);
			path = 3.TableView;
			sourceTree = "<group>";
		};
		6151839623107AE600098751 /* 2.StackView */ = {
			isa = PBXGroup;
			children = (
			);
			path = 2.StackView;
			sourceTree = "<group>";
		};
		6151839723107AFC00098751 /* Cell */ = {
			isa = PBXGroup;
			children = (
				6151839D23107DAF00098751 /* TableView2Cell.swift */,
			);
			path = Cell;
			sourceTree = "<group>";
		};
		6151839A23107B7A00098751 /* Model */ = {
			isa = PBXGroup;
			children = (
				6151839B23107B9900098751 /* TableView2Model.swift */,
			);
			path = Model;
			sourceTree = "<group>";
		};
		F276109722854C3B9AA1E3FE /* Frameworks */ = {
			isa = PBXGroup;
			children = (
				E87A09196B299049656115D4 /* Pods_snapKitExample.framework */,
			);
			name = Frameworks;
			sourceTree = "<group>";
		};
/* End PBXGroup section */

/* Begin PBXNativeTarget section */
		6104240722DF7F4F0087E719 /* snapKitExample */ = {
			isa = PBXNativeTarget;
			buildConfigurationList = 6104241A22DF7F520087E719 /* Build configuration list for PBXNativeTarget "snapKitExample" */;
			buildPhases = (
				BC24AFDD32B856D967188603 /* [CP] Check Pods Manifest.lock */,
				6104240422DF7F4F0087E719 /* Sources */,
				6104240522DF7F4F0087E719 /* Frameworks */,
				6104240622DF7F4F0087E719 /* Resources */,
				CA94E481A9174E1710483174 /* [CP] Embed Pods Frameworks */,
			);
			buildRules = (
			);
			dependencies = (
			);
			name = snapKitExample;
			productName = snapKitExample;
			productReference = 6104240822DF7F4F0087E719 /* snapKitExample.app */;
			productType = "com.apple.product-type.application";
		};
/* End PBXNativeTarget section */

/* Begin PBXProject section */
		6104240022DF7F4F0087E719 /* Project object */ = {
			isa = PBXProject;
			attributes = {
				LastSwiftUpdateCheck = 1020;
				LastUpgradeCheck = 1020;
				ORGANIZATIONNAME = pino;
				TargetAttributes = {
					6104240722DF7F4F0087E719 = {
						CreatedOnToolsVersion = 10.2.1;
					};
				};
			};
			buildConfigurationList = 6104240322DF7F4F0087E719 /* Build configuration list for PBXProject "snapKitExample" */;
			compatibilityVersion = "Xcode 9.3";
			developmentRegion = en;
			hasScannedForEncodings = 0;
			knownRegions = (
				en,
				Base,
			);
			mainGroup = 610423FF22DF7F4F0087E719;
			productRefGroup = 6104240922DF7F4F0087E719 /* Products */;
			projectDirPath = "";
			projectRoot = "";
			targets = (
				6104240722DF7F4F0087E719 /* snapKitExample */,
			);
		};
/* End PBXProject section */

/* Begin PBXResourcesBuildPhase section */
		6104240622DF7F4F0087E719 /* Resources */ = {
			isa = PBXResourcesBuildPhase;
			buildActionMask = 2147483647;
			files = (
				6104241622DF7F520087E719 /* LaunchScreen.storyboard in Resources */,
				6104241322DF7F520087E719 /* Assets.xcassets in Resources */,
				6104241122DF7F4F0087E719 /* Main.storyboard in Resources */,
			);
			runOnlyForDeploymentPostprocessing = 0;
		};
/* End PBXResourcesBuildPhase section */

/* Begin PBXShellScriptBuildPhase section */
		BC24AFDD32B856D967188603 /* [CP] Check Pods Manifest.lock */ = {
			isa = PBXShellScriptBuildPhase;
			buildActionMask = 2147483647;
			files = (
			);
			inputFileListPaths = (
			);
			inputPaths = (
				"${PODS_PODFILE_DIR_PATH}/Podfile.lock",
				"${PODS_ROOT}/Manifest.lock",
			);
			name = "[CP] Check Pods Manifest.lock";
			outputFileListPaths = (
			);
			outputPaths = (
				"$(DERIVED_FILE_DIR)/Pods-snapKitExample-checkManifestLockResult.txt",
			);
			runOnlyForDeploymentPostprocessing = 0;
			shellPath = /bin/sh;
			shellScript = "diff \"${PODS_PODFILE_DIR_PATH}/Podfile.lock\" \"${PODS_ROOT}/Manifest.lock\" > /dev/null\nif [ $? != 0 ] ; then\n    # print error to STDERR\n    echo \"error: The sandbox is not in sync with the Podfile.lock. Run 'pod install' or update your CocoaPods installation.\" >&2\n    exit 1\nfi\n# This output is used by Xcode 'outputs' to avoid re-running this script phase.\necho \"SUCCESS\" > \"${SCRIPT_OUTPUT_FILE_0}\"\n";
			showEnvVarsInLog = 0;
		};
		CA94E481A9174E1710483174 /* [CP] Embed Pods Frameworks */ = {
			isa = PBXShellScriptBuildPhase;
			buildActionMask = 2147483647;
			files = (
			);
			inputFileListPaths = (
				"${PODS_ROOT}/Target Support Files/Pods-snapKitExample/Pods-snapKitExample-frameworks-${CONFIGURATION}-input-files.xcfilelist",
			);
			name = "[CP] Embed Pods Frameworks";
			outputFileListPaths = (
				"${PODS_ROOT}/Target Support Files/Pods-snapKitExample/Pods-snapKitExample-frameworks-${CONFIGURATION}-output-files.xcfilelist",
			);
			runOnlyForDeploymentPostprocessing = 0;
			shellPath = /bin/sh;
			shellScript = "\"${PODS_ROOT}/Target Support Files/Pods-snapKitExample/Pods-snapKitExample-frameworks.sh\"\n";
			showEnvVarsInLog = 0;
		};
/* End PBXShellScriptBuildPhase section */

/* Begin PBXSourcesBuildPhase section */
		6104240422DF7F4F0087E719 /* Sources */ = {
			isa = PBXSourcesBuildPhase;
			buildActionMask = 2147483647;
			files = (
				6151839C23107B9900098751 /* TableView2Model.swift in Sources */,
				6151839923107B1400098751 /* TableView2Controller.swift in Sources */,
				615183942310791F00098751 /* View3Controller.swift in Sources */,
				6104240E22DF7F4F0087E719 /* ListViewController.swift in Sources */,
				6151839E23107DAF00098751 /* TableView2Cell.swift in Sources */,
				61518392231075B000098751 /* View2Controller.swift in Sources */,
				6104240C22DF7F4F0087E719 /* AppDelegate.swift in Sources */,
				615183902310729C00098751 /* View1Controller.swift in Sources */,
			);
			runOnlyForDeploymentPostprocessing = 0;
		};
/* End PBXSourcesBuildPhase section */

/* Begin PBXVariantGroup section */
		6104240F22DF7F4F0087E719 /* Main.storyboard */ = {
			isa = PBXVariantGroup;
			children = (
				6104241022DF7F4F0087E719 /* Base */,
			);
			name = Main.storyboard;
			sourceTree = "<group>";
		};
		6104241422DF7F520087E719 /* LaunchScreen.storyboard */ = {
			isa = PBXVariantGroup;
			children = (
				6104241522DF7F520087E719 /* Base */,
			);
			name = LaunchScreen.storyboard;
			sourceTree = "<group>";
		};
/* End PBXVariantGroup section */

/* Begin XCBuildConfiguration section */
		6104241822DF7F520087E719 /* Debug */ = {
			isa = XCBuildConfiguration;
			buildSettings = {
				ALWAYS_SEARCH_USER_PATHS = NO;
				CLANG_ANALYZER_NONNULL = YES;
				CLANG_ANALYZER_NUMBER_OBJECT_CONVERSION = YES_AGGRESSIVE;
				CLANG_CXX_LANGUAGE_STANDARD = "gnu++14";
				CLANG_CXX_LIBRARY = "libc++";
				CLANG_ENABLE_MODULES = YES;
				CLANG_ENABLE_OBJC_ARC = YES;
				CLANG_ENABLE_OBJC_WEAK = YES;
				CLANG_WARN_BLOCK_CAPTURE_AUTORELEASING = YES;
				CLANG_WARN_BOOL_CONVERSION = YES;
				CLANG_WARN_COMMA = YES;
				CLANG_WARN_CONSTANT_CONVERSION = YES;
				CLANG_WARN_DEPRECATED_OBJC_IMPLEMENTATIONS = YES;
				CLANG_WARN_DIRECT_OBJC_ISA_USAGE = YES_ERROR;
				CLANG_WARN_DOCUMENTATION_COMMENTS = YES;
				CLANG_WARN_EMPTY_BODY = YES;
				CLANG_WARN_ENUM_CONVERSION = YES;
				CLANG_WARN_INFINITE_RECURSION = YES;
				CLANG_WARN_INT_CONVERSION = YES;
				CLANG_WARN_NON_LITERAL_NULL_CONVERSION = YES;
				CLANG_WARN_OBJC_IMPLICIT_RETAIN_SELF = YES;
				CLANG_WARN_OBJC_LITERAL_CONVERSION = YES;
				CLANG_WARN_OBJC_ROOT_CLASS = YES_ERROR;
				CLANG_WARN_RANGE_LOOP_ANALYSIS = YES;
				CLANG_WARN_STRICT_PROTOTYPES = YES;
				CLANG_WARN_SUSPICIOUS_MOVE = YES;
				CLANG_WARN_UNGUARDED_AVAILABILITY = YES_AGGRESSIVE;
				CLANG_WARN_UNREACHABLE_CODE = YES;
				CLANG_WARN__DUPLICATE_METHOD_MATCH = YES;
				CODE_SIGN_IDENTITY = "iPhone Developer";
				COPY_PHASE_STRIP = NO;
				DEBUG_INFORMATION_FORMAT = dwarf;
				ENABLE_STRICT_OBJC_MSGSEND = YES;
				ENABLE_TESTABILITY = YES;
				GCC_C_LANGUAGE_STANDARD = gnu11;
				GCC_DYNAMIC_NO_PIC = NO;
				GCC_NO_COMMON_BLOCKS = YES;
				GCC_OPTIMIZATION_LEVEL = 0;
				GCC_PREPROCESSOR_DEFINITIONS = (
					"DEBUG=1",
					"$(inherited)",
				);
				GCC_WARN_64_TO_32_BIT_CONVERSION = YES;
				GCC_WARN_ABOUT_RETURN_TYPE = YES_ERROR;
				GCC_WARN_UNDECLARED_SELECTOR = YES;
				GCC_WARN_UNINITIALIZED_AUTOS = YES_AGGRESSIVE;
				GCC_WARN_UNUSED_FUNCTION = YES;
				GCC_WARN_UNUSED_VARIABLE = YES;
				IPHONEOS_DEPLOYMENT_TARGET = 12.2;
				MTL_ENABLE_DEBUG_INFO = INCLUDE_SOURCE;
				MTL_FAST_MATH = YES;
				ONLY_ACTIVE_ARCH = YES;
				SDKROOT = iphoneos;
				SWIFT_ACTIVE_COMPILATION_CONDITIONS = DEBUG;
				SWIFT_OPTIMIZATION_LEVEL = "-Onone";
			};
			name = Debug;
		};
		6104241922DF7F520087E719 /* Release */ = {
			isa = XCBuildConfiguration;
			buildSettings = {
				ALWAYS_SEARCH_USER_PATHS = NO;
				CLANG_ANALYZER_NONNULL = YES;
				CLANG_ANALYZER_NUMBER_OBJECT_CONVERSION = YES_AGGRESSIVE;
				CLANG_CXX_LANGUAGE_STANDARD = "gnu++14";
				CLANG_CXX_LIBRARY = "libc++";
				CLANG_ENABLE_MODULES = YES;
				CLANG_ENABLE_OBJC_ARC = YES;
				CLANG_ENABLE_OBJC_WEAK = YES;
				CLANG_WARN_BLOCK_CAPTURE_AUTORELEASING = YES;
				CLANG_WARN_BOOL_CONVERSION = YES;
				CLANG_WARN_COMMA = YES;
				CLANG_WARN_CONSTANT_CONVERSION = YES;
				CLANG_WARN_DEPRECATED_OBJC_IMPLEMENTATIONS = YES;
				CLANG_WARN_DIRECT_OBJC_ISA_USAGE = YES_ERROR;
				CLANG_WARN_DOCUMENTATION_COMMENTS = YES;
				CLANG_WARN_EMPTY_BODY = YES;
				CLANG_WARN_ENUM_CONVERSION = YES;
				CLANG_WARN_INFINITE_RECURSION = YES;
				CLANG_WARN_INT_CONVERSION = YES;
				CLANG_WARN_NON_LITERAL_NULL_CONVERSION = YES;
				CLANG_WARN_OBJC_IMPLICIT_RETAIN_SELF = YES;
				CLANG_WARN_OBJC_LITERAL_CONVERSION = YES;
				CLANG_WARN_OBJC_ROOT_CLASS = YES_ERROR;
				CLANG_WARN_RANGE_LOOP_ANALYSIS = YES;
				CLANG_WARN_STRICT_PROTOTYPES = YES;
				CLANG_WARN_SUSPICIOUS_MOVE = YES;
				CLANG_WARN_UNGUARDED_AVAILABILITY = YES_AGGRESSIVE;
				CLANG_WARN_UNREACHABLE_CODE = YES;
				CLANG_WARN__DUPLICATE_METHOD_MATCH = YES;
				CODE_SIGN_IDENTITY = "iPhone Developer";
				COPY_PHASE_STRIP = NO;
				DEBUG_INFORMATION_FORMAT = "dwarf-with-dsym";
				ENABLE_NS_ASSERTIONS = NO;
				ENABLE_STRICT_OBJC_MSGSEND = YES;
				GCC_C_LANGUAGE_STANDARD = gnu11;
				GCC_NO_COMMON_BLOCKS = YES;
				GCC_WARN_64_TO_32_BIT_CONVERSION = YES;
				GCC_WARN_ABOUT_RETURN_TYPE = YES_ERROR;
				GCC_WARN_UNDECLARED_SELECTOR = YES;
				GCC_WARN_UNINITIALIZED_AUTOS = YES_AGGRESSIVE;
				GCC_WARN_UNUSED_FUNCTION = YES;
				GCC_WARN_UNUSED_VARIABLE = YES;
				IPHONEOS_DEPLOYMENT_TARGET = 12.2;
				MTL_ENABLE_DEBUG_INFO = NO;
				MTL_FAST_MATH = YES;
				SDKROOT = iphoneos;
				SWIFT_COMPILATION_MODE = wholemodule;
				SWIFT_OPTIMIZATION_LEVEL = "-O";
				VALIDATE_PRODUCT = YES;
			};
			name = Release;
		};
		6104241B22DF7F520087E719 /* Debug */ = {
			isa = XCBuildConfiguration;
			baseConfigurationReference = 17B51E74164531B88B006BA2 /* Pods-snapKitExample.debug.xcconfig */;
			buildSettings = {
				ASSETCATALOG_COMPILER_APPICON_NAME = AppIcon;
				CODE_SIGN_STYLE = Automatic;
				DEVELOPMENT_TEAM = G4MM77V7NH;
				INFOPLIST_FILE = snapKitExample/Info.plist;
				LD_RUNPATH_SEARCH_PATHS = (
					"$(inherited)",
					"@executable_path/Frameworks",
				);
				PRODUCT_BUNDLE_IDENTIFIER = io.github.92pino.snapKitExample;
				PRODUCT_NAME = "$(TARGET_NAME)";
				SWIFT_VERSION = 5.0;
				TARGETED_DEVICE_FAMILY = "1,2";
			};
			name = Debug;
		};
		6104241C22DF7F520087E719 /* Release */ = {
			isa = XCBuildConfiguration;
			baseConfigurationReference = 0D81219A16E1B57CFD782FD1 /* Pods-snapKitExample.release.xcconfig */;
			buildSettings = {
				ASSETCATALOG_COMPILER_APPICON_NAME = AppIcon;
				CODE_SIGN_STYLE = Automatic;
				DEVELOPMENT_TEAM = G4MM77V7NH;
				INFOPLIST_FILE = snapKitExample/Info.plist;
				LD_RUNPATH_SEARCH_PATHS = (
					"$(inherited)",
					"@executable_path/Frameworks",
				);
				PRODUCT_BUNDLE_IDENTIFIER = io.github.92pino.snapKitExample;
				PRODUCT_NAME = "$(TARGET_NAME)";
				SWIFT_VERSION = 5.0;
				TARGETED_DEVICE_FAMILY = "1,2";
			};
			name = Release;
		};
/* End XCBuildConfiguration section */

/* Begin XCConfigurationList section */
		6104240322DF7F4F0087E719 /* Build configuration list for PBXProject "snapKitExample" */ = {
			isa = XCConfigurationList;
			buildConfigurations = (
				6104241822DF7F520087E719 /* Debug */,
				6104241922DF7F520087E719 /* Release */,
			);
			defaultConfigurationIsVisible = 0;
			defaultConfigurationName = Release;
		};
		6104241A22DF7F520087E719 /* Build configuration list for PBXNativeTarget "snapKitExample" */ = {
			isa = XCConfigurationList;
			buildConfigurations = (
				6104241B22DF7F520087E719 /* Debug */,
				6104241C22DF7F520087E719 /* Release */,
			);
			defaultConfigurationIsVisible = 0;
			defaultConfigurationName = Release;
		};
/* End XCConfigurationList section */
	};
	rootObject = 6104240022DF7F4F0087E719 /* Project object */;
}
